// !$*UTF8*$!
{
	archiveVersion = 1;
	classes = {
	};
	objectVersion = 56;
	objects = {

/* Begin PBXBuildFile section */
		AF0366C42B971C5E00676E33 /* GridImageView.swift in Sources */ = {isa = PBXBuildFile; fileRef = AF0366C32B971C5E00676E33 /* GridImageView.swift */; };
		AF0366C82B98874300676E33 /* SellerCardInfoView.swift in Sources */ = {isa = PBXBuildFile; fileRef = AF0366C72B98874300676E33 /* SellerCardInfoView.swift */; };
		AF0366CA2B99BE1000676E33 /* ImageView.swift in Sources */ = {isa = PBXBuildFile; fileRef = AF0366C92B99BE1000676E33 /* ImageView.swift */; };
		AF0366D22B9B5E0200676E33 /* LoginView.swift in Sources */ = {isa = PBXBuildFile; fileRef = AF0366D12B9B5E0200676E33 /* LoginView.swift */; };
		AF0366D42B9B827500676E33 /* RegisterView.swift in Sources */ = {isa = PBXBuildFile; fileRef = AF0366D32B9B827500676E33 /* RegisterView.swift */; };
		AF0366D72B9B849900676E33 /* InputView.swift in Sources */ = {isa = PBXBuildFile; fileRef = AF0366D62B9B849900676E33 /* InputView.swift */; };
		AF0366D92B9F25F300676E33 /* pathView.swift in Sources */ = {isa = PBXBuildFile; fileRef = AF0366D82B9F25F300676E33 /* pathView.swift */; };
		AF0366DB2B9F499300676E33 /* User.swift in Sources */ = {isa = PBXBuildFile; fileRef = AF0366DA2B9F499300676E33 /* User.swift */; };
		AF0366DD2B9F5AD500676E33 /* AuthViewModel.swift in Sources */ = {isa = PBXBuildFile; fileRef = AF0366DC2B9F5AD500676E33 /* AuthViewModel.swift */; };
		AF0366DF2BA09D8100676E33 /* CreateAdViewModel.swift in Sources */ = {isa = PBXBuildFile; fileRef = AF0366DE2BA09D8100676E33 /* CreateAdViewModel.swift */; };
		AF0366E12BA1E3E300676E33 /* CreateGridImageView.swift in Sources */ = {isa = PBXBuildFile; fileRef = AF0366E02BA1E3E300676E33 /* CreateGridImageView.swift */; };
		AFAA415C2BAC27A600CAF9C1 /* FavoriteViewModel.swift in Sources */ = {isa = PBXBuildFile; fileRef = AFAA415B2BAC27A600CAF9C1 /* FavoriteViewModel.swift */; };
		AFAA41622BAC2F8300CAF9C1 /* UserCreatedView.swift in Sources */ = {isa = PBXBuildFile; fileRef = AFAA41612BAC2F8300CAF9C1 /* UserCreatedView.swift */; };
		AFAA41642BAC556800CAF9C1 /* UsersOwnAdViewModel.swift in Sources */ = {isa = PBXBuildFile; fileRef = AFAA41632BAC556800CAF9C1 /* UsersOwnAdViewModel.swift */; };
		AFCD74CB2B860BF4000DE6A8 /* Post_PulseApp.swift in Sources */ = {isa = PBXBuildFile; fileRef = AFCD74CA2B860BF4000DE6A8 /* Post_PulseApp.swift */; };
		AFCD74CD2B860BF4000DE6A8 /* ContentView.swift in Sources */ = {isa = PBXBuildFile; fileRef = AFCD74CC2B860BF4000DE6A8 /* ContentView.swift */; };
		AFCD74CF2B860BF7000DE6A8 /* Assets.xcassets in Resources */ = {isa = PBXBuildFile; fileRef = AFCD74CE2B860BF7000DE6A8 /* Assets.xcassets */; };
		AFCD74D22B860BF7000DE6A8 /* Preview Assets.xcassets in Resources */ = {isa = PBXBuildFile; fileRef = AFCD74D12B860BF7000DE6A8 /* Preview Assets.xcassets */; };
		AFCD74DC2B860BF7000DE6A8 /* Post_PulseTests.swift in Sources */ = {isa = PBXBuildFile; fileRef = AFCD74DB2B860BF7000DE6A8 /* Post_PulseTests.swift */; };
		AFCD74E62B860BF7000DE6A8 /* Post_PulseUITests.swift in Sources */ = {isa = PBXBuildFile; fileRef = AFCD74E52B860BF7000DE6A8 /* Post_PulseUITests.swift */; };
		AFCD74E82B860BF7000DE6A8 /* Post_PulseUITestsLaunchTests.swift in Sources */ = {isa = PBXBuildFile; fileRef = AFCD74E72B860BF7000DE6A8 /* Post_PulseUITestsLaunchTests.swift */; };
		AFCD74F52B860F60000DE6A8 /* GoogleService-Info.plist in Resources */ = {isa = PBXBuildFile; fileRef = AFCD74F42B860F60000DE6A8 /* GoogleService-Info.plist */; };
		AFCD74F62B860F60000DE6A8 /* GoogleService-Info.plist in Resources */ = {isa = PBXBuildFile; fileRef = AFCD74F42B860F60000DE6A8 /* GoogleService-Info.plist */; };
		AFCD74F72B860F60000DE6A8 /* GoogleService-Info.plist in Resources */ = {isa = PBXBuildFile; fileRef = AFCD74F42B860F60000DE6A8 /* GoogleService-Info.plist */; };
		AFCD74FA2B86107C000DE6A8 /* FirebaseAuth in Frameworks */ = {isa = PBXBuildFile; productRef = AFCD74F92B86107C000DE6A8 /* FirebaseAuth */; };
		AFCD74FC2B86107C000DE6A8 /* FirebaseDatabase in Frameworks */ = {isa = PBXBuildFile; productRef = AFCD74FB2B86107C000DE6A8 /* FirebaseDatabase */; };
		AFCD74FE2B86107C000DE6A8 /* FirebaseFirestore in Frameworks */ = {isa = PBXBuildFile; productRef = AFCD74FD2B86107C000DE6A8 /* FirebaseFirestore */; };
		AFCD75002B86107C000DE6A8 /* FirebaseFirestoreSwift in Frameworks */ = {isa = PBXBuildFile; productRef = AFCD74FF2B86107C000DE6A8 /* FirebaseFirestoreSwift */; };
		AFCD75022B86107C000DE6A8 /* FirebaseStorage in Frameworks */ = {isa = PBXBuildFile; productRef = AFCD75012B86107C000DE6A8 /* FirebaseStorage */; };
		AFCD75162B8758C0000DE6A8 /* SearchBarView.swift in Sources */ = {isa = PBXBuildFile; fileRef = AFCD75152B8758C0000DE6A8 /* SearchBarView.swift */; };
		AFCD75172B8758C0000DE6A8 /* SearchBarView.swift in Sources */ = {isa = PBXBuildFile; fileRef = AFCD75152B8758C0000DE6A8 /* SearchBarView.swift */; };
		AFCD75182B8758C0000DE6A8 /* SearchBarView.swift in Sources */ = {isa = PBXBuildFile; fileRef = AFCD75152B8758C0000DE6A8 /* SearchBarView.swift */; };
		AFCD751A2B8770DF000DE6A8 /* ItemViewModel.swift in Sources */ = {isa = PBXBuildFile; fileRef = AFCD75192B8770DF000DE6A8 /* ItemViewModel.swift */; };
		AFCD751B2B8770DF000DE6A8 /* ItemViewModel.swift in Sources */ = {isa = PBXBuildFile; fileRef = AFCD75192B8770DF000DE6A8 /* ItemViewModel.swift */; };
		AFCD751C2B8770DF000DE6A8 /* ItemViewModel.swift in Sources */ = {isa = PBXBuildFile; fileRef = AFCD75192B8770DF000DE6A8 /* ItemViewModel.swift */; };
		AFCD751E2B87AC57000DE6A8 /* MainPageView.swift in Sources */ = {isa = PBXBuildFile; fileRef = AFCD751D2B87AC57000DE6A8 /* MainPageView.swift */; };
		AFCD751F2B87AC57000DE6A8 /* MainPageView.swift in Sources */ = {isa = PBXBuildFile; fileRef = AFCD751D2B87AC57000DE6A8 /* MainPageView.swift */; };
		AFCD75202B87AC57000DE6A8 /* MainPageView.swift in Sources */ = {isa = PBXBuildFile; fileRef = AFCD751D2B87AC57000DE6A8 /* MainPageView.swift */; };
		AFCD75262B889723000DE6A8 /* ItemView.swift in Sources */ = {isa = PBXBuildFile; fileRef = AFCD75252B889723000DE6A8 /* ItemView.swift */; };
		AFCD75272B889723000DE6A8 /* ItemView.swift in Sources */ = {isa = PBXBuildFile; fileRef = AFCD75252B889723000DE6A8 /* ItemView.swift */; };
		AFCD75282B889723000DE6A8 /* ItemView.swift in Sources */ = {isa = PBXBuildFile; fileRef = AFCD75252B889723000DE6A8 /* ItemView.swift */; };
		AFCD752A2B8C946E000DE6A8 /* CategoryItemView.swift in Sources */ = {isa = PBXBuildFile; fileRef = AFCD75292B8C946E000DE6A8 /* CategoryItemView.swift */; };
		AFCD752B2B8C946E000DE6A8 /* CategoryItemView.swift in Sources */ = {isa = PBXBuildFile; fileRef = AFCD75292B8C946E000DE6A8 /* CategoryItemView.swift */; };
		AFCD752C2B8C946E000DE6A8 /* CategoryItemView.swift in Sources */ = {isa = PBXBuildFile; fileRef = AFCD75292B8C946E000DE6A8 /* CategoryItemView.swift */; };
		AFCD754B2B8F5831000DE6A8 /* SellerAdvertisementView.swift in Sources */ = {isa = PBXBuildFile; fileRef = AFCD754A2B8F5831000DE6A8 /* SellerAdvertisementView.swift */; };
		AFCD754C2B8F5831000DE6A8 /* SellerAdvertisementView.swift in Sources */ = {isa = PBXBuildFile; fileRef = AFCD754A2B8F5831000DE6A8 /* SellerAdvertisementView.swift */; };
		AFCD754D2B8F5831000DE6A8 /* SellerAdvertisementView.swift in Sources */ = {isa = PBXBuildFile; fileRef = AFCD754A2B8F5831000DE6A8 /* SellerAdvertisementView.swift */; };
		AFCD754F2B8F5845000DE6A8 /* CreateAdvertisementView.swift in Sources */ = {isa = PBXBuildFile; fileRef = AFCD754E2B8F5845000DE6A8 /* CreateAdvertisementView.swift */; };
		AFCD75502B8F5845000DE6A8 /* CreateAdvertisementView.swift in Sources */ = {isa = PBXBuildFile; fileRef = AFCD754E2B8F5845000DE6A8 /* CreateAdvertisementView.swift */; };
		AFCD75512B8F5845000DE6A8 /* CreateAdvertisementView.swift in Sources */ = {isa = PBXBuildFile; fileRef = AFCD754E2B8F5845000DE6A8 /* CreateAdvertisementView.swift */; };
		AFCD75532B8F58A4000DE6A8 /* UserView.swift in Sources */ = {isa = PBXBuildFile; fileRef = AFCD75522B8F58A4000DE6A8 /* UserView.swift */; };
		AFCD75542B8F58A4000DE6A8 /* UserView.swift in Sources */ = {isa = PBXBuildFile; fileRef = AFCD75522B8F58A4000DE6A8 /* UserView.swift */; };
		AFCD75552B8F58A4000DE6A8 /* UserView.swift in Sources */ = {isa = PBXBuildFile; fileRef = AFCD75522B8F58A4000DE6A8 /* UserView.swift */; };
		AFCD755C2B8F5E2D000DE6A8 /* UserFavoriteAdView.swift in Sources */ = {isa = PBXBuildFile; fileRef = AFCD755B2B8F5E2D000DE6A8 /* UserFavoriteAdView.swift */; };
		AFCD755D2B8F5E2D000DE6A8 /* UserFavoriteAdView.swift in Sources */ = {isa = PBXBuildFile; fileRef = AFCD755B2B8F5E2D000DE6A8 /* UserFavoriteAdView.swift */; };
		AFCD755E2B8F5E2D000DE6A8 /* UserFavoriteAdView.swift in Sources */ = {isa = PBXBuildFile; fileRef = AFCD755B2B8F5E2D000DE6A8 /* UserFavoriteAdView.swift */; };
/* End PBXBuildFile section */

/* Begin PBXContainerItemProxy section */
		AFCD74D82B860BF7000DE6A8 /* PBXContainerItemProxy */ = {
			isa = PBXContainerItemProxy;
			containerPortal = AFCD74BF2B860BF4000DE6A8 /* Project object */;
			proxyType = 1;
			remoteGlobalIDString = AFCD74C62B860BF4000DE6A8;
			remoteInfo = "Post-Pulse";
		};
		AFCD74E22B860BF7000DE6A8 /* PBXContainerItemProxy */ = {
			isa = PBXContainerItemProxy;
			containerPortal = AFCD74BF2B860BF4000DE6A8 /* Project object */;
			proxyType = 1;
			remoteGlobalIDString = AFCD74C62B860BF4000DE6A8;
			remoteInfo = "Post-Pulse";
		};
/* End PBXContainerItemProxy section */

/* Begin PBXFileReference section */
		AF0366C32B971C5E00676E33 /* GridImageView.swift */ = {isa = PBXFileReference; lastKnownFileType = sourcecode.swift; path = GridImageView.swift; sourceTree = "<group>"; };
		AF0366C72B98874300676E33 /* SellerCardInfoView.swift */ = {isa = PBXFileReference; lastKnownFileType = sourcecode.swift; path = SellerCardInfoView.swift; sourceTree = "<group>"; };
		AF0366C92B99BE1000676E33 /* ImageView.swift */ = {isa = PBXFileReference; lastKnownFileType = sourcecode.swift; path = ImageView.swift; sourceTree = "<group>"; };
		AF0366D12B9B5E0200676E33 /* LoginView.swift */ = {isa = PBXFileReference; lastKnownFileType = sourcecode.swift; path = LoginView.swift; sourceTree = "<group>"; };
		AF0366D32B9B827500676E33 /* RegisterView.swift */ = {isa = PBXFileReference; lastKnownFileType = sourcecode.swift; path = RegisterView.swift; sourceTree = "<group>"; };
		AF0366D62B9B849900676E33 /* InputView.swift */ = {isa = PBXFileReference; lastKnownFileType = sourcecode.swift; path = InputView.swift; sourceTree = "<group>"; };
		AF0366D82B9F25F300676E33 /* pathView.swift */ = {isa = PBXFileReference; lastKnownFileType = sourcecode.swift; path = pathView.swift; sourceTree = "<group>"; };
		AF0366DA2B9F499300676E33 /* User.swift */ = {isa = PBXFileReference; lastKnownFileType = sourcecode.swift; path = User.swift; sourceTree = "<group>"; };
		AF0366DC2B9F5AD500676E33 /* AuthViewModel.swift */ = {isa = PBXFileReference; lastKnownFileType = sourcecode.swift; path = AuthViewModel.swift; sourceTree = "<group>"; };
		AF0366DE2BA09D8100676E33 /* CreateAdViewModel.swift */ = {isa = PBXFileReference; lastKnownFileType = sourcecode.swift; path = CreateAdViewModel.swift; sourceTree = "<group>"; };
		AF0366E02BA1E3E300676E33 /* CreateGridImageView.swift */ = {isa = PBXFileReference; lastKnownFileType = sourcecode.swift; path = CreateGridImageView.swift; sourceTree = "<group>"; };
		AFAA415B2BAC27A600CAF9C1 /* FavoriteViewModel.swift */ = {isa = PBXFileReference; lastKnownFileType = sourcecode.swift; path = FavoriteViewModel.swift; sourceTree = "<group>"; };
		AFAA41612BAC2F8300CAF9C1 /* UserCreatedView.swift */ = {isa = PBXFileReference; lastKnownFileType = sourcecode.swift; path = UserCreatedView.swift; sourceTree = "<group>"; };
		AFAA41632BAC556800CAF9C1 /* UsersOwnAdViewModel.swift */ = {isa = PBXFileReference; lastKnownFileType = sourcecode.swift; path = UsersOwnAdViewModel.swift; sourceTree = "<group>"; };
		AFCD74C72B860BF4000DE6A8 /* Post-Pulse.app */ = {isa = PBXFileReference; explicitFileType = wrapper.application; includeInIndex = 0; path = "Post-Pulse.app"; sourceTree = BUILT_PRODUCTS_DIR; };
		AFCD74CA2B860BF4000DE6A8 /* Post_PulseApp.swift */ = {isa = PBXFileReference; lastKnownFileType = sourcecode.swift; path = Post_PulseApp.swift; sourceTree = "<group>"; };
		AFCD74CC2B860BF4000DE6A8 /* ContentView.swift */ = {isa = PBXFileReference; lastKnownFileType = sourcecode.swift; path = ContentView.swift; sourceTree = "<group>"; };
		AFCD74CE2B860BF7000DE6A8 /* Assets.xcassets */ = {isa = PBXFileReference; lastKnownFileType = folder.assetcatalog; path = Assets.xcassets; sourceTree = "<group>"; };
		AFCD74D12B860BF7000DE6A8 /* Preview Assets.xcassets */ = {isa = PBXFileReference; lastKnownFileType = folder.assetcatalog; path = "Preview Assets.xcassets"; sourceTree = "<group>"; };
		AFCD74D72B860BF7000DE6A8 /* Post-PulseTests.xctest */ = {isa = PBXFileReference; explicitFileType = wrapper.cfbundle; includeInIndex = 0; path = "Post-PulseTests.xctest"; sourceTree = BUILT_PRODUCTS_DIR; };
		AFCD74DB2B860BF7000DE6A8 /* Post_PulseTests.swift */ = {isa = PBXFileReference; lastKnownFileType = sourcecode.swift; path = Post_PulseTests.swift; sourceTree = "<group>"; };
		AFCD74E12B860BF7000DE6A8 /* Post-PulseUITests.xctest */ = {isa = PBXFileReference; explicitFileType = wrapper.cfbundle; includeInIndex = 0; path = "Post-PulseUITests.xctest"; sourceTree = BUILT_PRODUCTS_DIR; };
		AFCD74E52B860BF7000DE6A8 /* Post_PulseUITests.swift */ = {isa = PBXFileReference; lastKnownFileType = sourcecode.swift; path = Post_PulseUITests.swift; sourceTree = "<group>"; };
		AFCD74E72B860BF7000DE6A8 /* Post_PulseUITestsLaunchTests.swift */ = {isa = PBXFileReference; lastKnownFileType = sourcecode.swift; path = Post_PulseUITestsLaunchTests.swift; sourceTree = "<group>"; };
		AFCD74F42B860F60000DE6A8 /* GoogleService-Info.plist */ = {isa = PBXFileReference; fileEncoding = 4; lastKnownFileType = text.plist.xml; path = "GoogleService-Info.plist"; sourceTree = "<group>"; };
		AFCD75152B8758C0000DE6A8 /* SearchBarView.swift */ = {isa = PBXFileReference; lastKnownFileType = sourcecode.swift; path = SearchBarView.swift; sourceTree = "<group>"; };
		AFCD75192B8770DF000DE6A8 /* ItemViewModel.swift */ = {isa = PBXFileReference; lastKnownFileType = sourcecode.swift; path = ItemViewModel.swift; sourceTree = "<group>"; };
		AFCD751D2B87AC57000DE6A8 /* MainPageView.swift */ = {isa = PBXFileReference; lastKnownFileType = sourcecode.swift; path = MainPageView.swift; sourceTree = "<group>"; };
		AFCD75252B889723000DE6A8 /* ItemView.swift */ = {isa = PBXFileReference; lastKnownFileType = sourcecode.swift; path = ItemView.swift; sourceTree = "<group>"; };
		AFCD75292B8C946E000DE6A8 /* CategoryItemView.swift */ = {isa = PBXFileReference; lastKnownFileType = sourcecode.swift; path = CategoryItemView.swift; sourceTree = "<group>"; };
		AFCD754A2B8F5831000DE6A8 /* SellerAdvertisementView.swift */ = {isa = PBXFileReference; lastKnownFileType = sourcecode.swift; path = SellerAdvertisementView.swift; sourceTree = "<group>"; };
		AFCD754E2B8F5845000DE6A8 /* CreateAdvertisementView.swift */ = {isa = PBXFileReference; lastKnownFileType = sourcecode.swift; path = CreateAdvertisementView.swift; sourceTree = "<group>"; };
		AFCD75522B8F58A4000DE6A8 /* UserView.swift */ = {isa = PBXFileReference; lastKnownFileType = sourcecode.swift; path = UserView.swift; sourceTree = "<group>"; };
		AFCD755B2B8F5E2D000DE6A8 /* UserFavoriteAdView.swift */ = {isa = PBXFileReference; lastKnownFileType = sourcecode.swift; path = UserFavoriteAdView.swift; sourceTree = "<group>"; };
/* End PBXFileReference section */

/* Begin PBXFrameworksBuildPhase section */
		AFCD74C42B860BF4000DE6A8 /* Frameworks */ = {
			isa = PBXFrameworksBuildPhase;
			buildActionMask = 2147483647;
			files = (
				AFCD74FC2B86107C000DE6A8 /* FirebaseDatabase in Frameworks */,
				AFCD74FA2B86107C000DE6A8 /* FirebaseAuth in Frameworks */,
				AFCD74FE2B86107C000DE6A8 /* FirebaseFirestore in Frameworks */,
				AFCD75022B86107C000DE6A8 /* FirebaseStorage in Frameworks */,
				AFCD75002B86107C000DE6A8 /* FirebaseFirestoreSwift in Frameworks */,
			);
			runOnlyForDeploymentPostprocessing = 0;
		};
		AFCD74D42B860BF7000DE6A8 /* Frameworks */ = {
			isa = PBXFrameworksBuildPhase;
			buildActionMask = 2147483647;
			files = (
			);
			runOnlyForDeploymentPostprocessing = 0;
		};
		AFCD74DE2B860BF7000DE6A8 /* Frameworks */ = {
			isa = PBXFrameworksBuildPhase;
			buildActionMask = 2147483647;
			files = (
			);
			runOnlyForDeploymentPostprocessing = 0;
		};
/* End PBXFrameworksBuildPhase section */

/* Begin PBXGroup section */
		AF0366CD2B9B5DC700676E33 /* LoginPage */ = {
			isa = PBXGroup;
			children = (
				AF0366D02B9B5DE000676E33 /* Views */,
				AF0366CF2B9B5DDB00676E33 /* Model */,
				AF0366CE2B9B5DD300676E33 /* ViewModel */,
			);
			path = LoginPage;
			sourceTree = "<group>";
		};
		AF0366CE2B9B5DD300676E33 /* ViewModel */ = {
			isa = PBXGroup;
			children = (
				AF0366DC2B9F5AD500676E33 /* AuthViewModel.swift */,
			);
			path = ViewModel;
			sourceTree = "<group>";
		};
		AF0366CF2B9B5DDB00676E33 /* Model */ = {
			isa = PBXGroup;
			children = (
			);
			path = Model;
			sourceTree = "<group>";
		};
		AF0366D02B9B5DE000676E33 /* Views */ = {
			isa = PBXGroup;
			children = (
				AF0366D52B9B848600676E33 /* Components */,
				AF0366D12B9B5E0200676E33 /* LoginView.swift */,
				AF0366D32B9B827500676E33 /* RegisterView.swift */,
			);
			path = Views;
			sourceTree = "<group>";
		};
		AF0366D52B9B848600676E33 /* Components */ = {
			isa = PBXGroup;
			children = (
				AF0366D62B9B849900676E33 /* InputView.swift */,
			);
			path = Components;
			sourceTree = "<group>";
		};
		AFAA415D2BAC2B2F00CAF9C1 /* UsersGeneratedAdvertisement */ = {
			isa = PBXGroup;
			children = (
				AFAA41602BAC2F4D00CAF9C1 /* Views */,
				AFAA415F2BAC2F4700CAF9C1 /* Model */,
				AFAA415E2BAC2F3E00CAF9C1 /* ViewModel */,
			);
			path = UsersGeneratedAdvertisement;
			sourceTree = "<group>";
		};
		AFAA415E2BAC2F3E00CAF9C1 /* ViewModel */ = {
			isa = PBXGroup;
			children = (
				AFAA41632BAC556800CAF9C1 /* UsersOwnAdViewModel.swift */,
			);
			path = ViewModel;
			sourceTree = "<group>";
		};
		AFAA415F2BAC2F4700CAF9C1 /* Model */ = {
			isa = PBXGroup;
			children = (
			);
			path = Model;
			sourceTree = "<group>";
		};
		AFAA41602BAC2F4D00CAF9C1 /* Views */ = {
			isa = PBXGroup;
			children = (
				AFAA41612BAC2F8300CAF9C1 /* UserCreatedView.swift */,
			);
			path = Views;
			sourceTree = "<group>";
		};
		AFCD74BE2B860BF4000DE6A8 = {
			isa = PBXGroup;
			children = (
				AFCD74C92B860BF4000DE6A8 /* Post-Pulse */,
				AFCD74DA2B860BF7000DE6A8 /* Post-PulseTests */,
				AFCD74E42B860BF7000DE6A8 /* Post-PulseUITests */,
				AFCD74C82B860BF4000DE6A8 /* Products */,
			);
			sourceTree = "<group>";
		};
		AFCD74C82B860BF4000DE6A8 /* Products */ = {
			isa = PBXGroup;
			children = (
				AFCD74C72B860BF4000DE6A8 /* Post-Pulse.app */,
				AFCD74D72B860BF7000DE6A8 /* Post-PulseTests.xctest */,
				AFCD74E12B860BF7000DE6A8 /* Post-PulseUITests.xctest */,
			);
			name = Products;
			sourceTree = "<group>";
		};
		AFCD74C92B860BF4000DE6A8 /* Post-Pulse */ = {
			isa = PBXGroup;
			children = (
				AF0366CD2B9B5DC700676E33 /* LoginPage */,
				AFCD75562B8F5CBD000DE6A8 /* UserFavoriteAdvertisementPage */,
				AFAA415D2BAC2B2F00CAF9C1 /* UsersGeneratedAdvertisement */,
				AFCD75402B8F4DE5000DE6A8 /* UserPage */,
				AFCD753F2B8F4702000DE6A8 /* AddAdvertisementPage */,
				AFCD753E2B8F46CD000DE6A8 /* SellerAdvertisementPage */,
				AFCD75212B87BD86000DE6A8 /* MainPage */,
				AFCD750C2B87528D000DE6A8 /* Images */,
				AFCD75032B874E0F000DE6A8 /* Features */,
				AFCD75312B8CA300000DE6A8 /* extenstions */,
				AFCD74CC2B860BF4000DE6A8 /* ContentView.swift */,
				AFCD74CA2B860BF4000DE6A8 /* Post_PulseApp.swift */,
				AFCD74CE2B860BF7000DE6A8 /* Assets.xcassets */,
				AFCD74F42B860F60000DE6A8 /* GoogleService-Info.plist */,
				AFCD74D02B860BF7000DE6A8 /* Preview Content */,
			);
			path = "Post-Pulse";
			sourceTree = "<group>";
		};
		AFCD74D02B860BF7000DE6A8 /* Preview Content */ = {
			isa = PBXGroup;
			children = (
				AFCD74D12B860BF7000DE6A8 /* Preview Assets.xcassets */,
			);
			path = "Preview Content";
			sourceTree = "<group>";
		};
		AFCD74DA2B860BF7000DE6A8 /* Post-PulseTests */ = {
			isa = PBXGroup;
			children = (
				AFCD74DB2B860BF7000DE6A8 /* Post_PulseTests.swift */,
			);
			path = "Post-PulseTests";
			sourceTree = "<group>";
		};
		AFCD74E42B860BF7000DE6A8 /* Post-PulseUITests */ = {
			isa = PBXGroup;
			children = (
				AFCD74E52B860BF7000DE6A8 /* Post_PulseUITests.swift */,
				AFCD74E72B860BF7000DE6A8 /* Post_PulseUITestsLaunchTests.swift */,
			);
			path = "Post-PulseUITests";
			sourceTree = "<group>";
		};
		AFCD75032B874E0F000DE6A8 /* Features */ = {
			isa = PBXGroup;
			children = (
			);
			path = Features;
			sourceTree = "<group>";
		};
		AFCD750C2B87528D000DE6A8 /* Images */ = {
			isa = PBXGroup;
			children = (
			);
			path = Images;
			sourceTree = "<group>";
		};
		AFCD750F2B875538000DE6A8 /* Views */ = {
			isa = PBXGroup;
			children = (
				AFCD751D2B87AC57000DE6A8 /* MainPageView.swift */,
				AFCD75242B889669000DE6A8 /* Components */,
			);
			path = Views;
			sourceTree = "<group>";
		};
		AFCD75212B87BD86000DE6A8 /* MainPage */ = {
			isa = PBXGroup;
			children = (
				AFCD750F2B875538000DE6A8 /* Views */,
				AFCD75232B87BDA7000DE6A8 /* Model */,
				AFCD75222B87BD9C000DE6A8 /* ViewModel */,
			);
			path = MainPage;
			sourceTree = "<group>";
		};
		AFCD75222B87BD9C000DE6A8 /* ViewModel */ = {
			isa = PBXGroup;
			children = (
				AFCD75192B8770DF000DE6A8 /* ItemViewModel.swift */,
			);
			path = ViewModel;
			sourceTree = "<group>";
		};
		AFCD75232B87BDA7000DE6A8 /* Model */ = {
			isa = PBXGroup;
			children = (
			);
			path = Model;
			sourceTree = "<group>";
		};
		AFCD75242B889669000DE6A8 /* Components */ = {
			isa = PBXGroup;
			children = (
				AFCD75152B8758C0000DE6A8 /* SearchBarView.swift */,
				AFCD75292B8C946E000DE6A8 /* CategoryItemView.swift */,
				AFCD75252B889723000DE6A8 /* ItemView.swift */,
			);
			path = Components;
			sourceTree = "<group>";
		};
		AFCD75312B8CA300000DE6A8 /* extenstions */ = {
			isa = PBXGroup;
			children = (
			);
			path = extenstions;
			sourceTree = "<group>";
		};
		AFCD753E2B8F46CD000DE6A8 /* SellerAdvertisementPage */ = {
			isa = PBXGroup;
			children = (
				AFCD75412B8F56B4000DE6A8 /* Views */,
				AFCD75422B8F56BD000DE6A8 /* Models */,
				AFCD75432B8F56CA000DE6A8 /* ViewModel */,
			);
			path = SellerAdvertisementPage;
			sourceTree = "<group>";
		};
		AFCD753F2B8F4702000DE6A8 /* AddAdvertisementPage */ = {
			isa = PBXGroup;
			children = (
				AFCD75462B8F5742000DE6A8 /* Views */,
				AFCD75452B8F573B000DE6A8 /* Model */,
				AFCD75442B8F5733000DE6A8 /* ViewModel */,
			);
			path = AddAdvertisementPage;
			sourceTree = "<group>";
		};
		AFCD75402B8F4DE5000DE6A8 /* UserPage */ = {
			isa = PBXGroup;
			children = (
				AFCD75492B8F5762000DE6A8 /* Views */,
				AFCD75482B8F575A000DE6A8 /* Model */,
				AFCD75472B8F5753000DE6A8 /* ViewModel */,
			);
			path = UserPage;
			sourceTree = "<group>";
		};
		AFCD75412B8F56B4000DE6A8 /* Views */ = {
			isa = PBXGroup;
			children = (
				AFCD754A2B8F5831000DE6A8 /* SellerAdvertisementView.swift */,
				AF0366C32B971C5E00676E33 /* GridImageView.swift */,
				AF0366C72B98874300676E33 /* SellerCardInfoView.swift */,
				AF0366C92B99BE1000676E33 /* ImageView.swift */,
			);
			path = Views;
			sourceTree = "<group>";
		};
		AFCD75422B8F56BD000DE6A8 /* Models */ = {
			isa = PBXGroup;
			children = (
			);
			path = Models;
			sourceTree = "<group>";
		};
		AFCD75432B8F56CA000DE6A8 /* ViewModel */ = {
			isa = PBXGroup;
			children = (
			);
			path = ViewModel;
			sourceTree = "<group>";
		};
		AFCD75442B8F5733000DE6A8 /* ViewModel */ = {
			isa = PBXGroup;
			children = (
				AF0366DE2BA09D8100676E33 /* CreateAdViewModel.swift */,
			);
			path = ViewModel;
			sourceTree = "<group>";
		};
		AFCD75452B8F573B000DE6A8 /* Model */ = {
			isa = PBXGroup;
			children = (
			);
			path = Model;
			sourceTree = "<group>";
		};
		AFCD75462B8F5742000DE6A8 /* Views */ = {
			isa = PBXGroup;
			children = (
				AFCD754E2B8F5845000DE6A8 /* CreateAdvertisementView.swift */,
				AF0366E02BA1E3E300676E33 /* CreateGridImageView.swift */,
			);
			path = Views;
			sourceTree = "<group>";
		};
		AFCD75472B8F5753000DE6A8 /* ViewModel */ = {
			isa = PBXGroup;
			children = (
			);
			path = ViewModel;
			sourceTree = "<group>";
		};
		AFCD75482B8F575A000DE6A8 /* Model */ = {
			isa = PBXGroup;
			children = (
				AF0366DA2B9F499300676E33 /* User.swift */,
			);
			path = Model;
			sourceTree = "<group>";
		};
		AFCD75492B8F5762000DE6A8 /* Views */ = {
			isa = PBXGroup;
			children = (
				AFCD75522B8F58A4000DE6A8 /* UserView.swift */,
				AF0366D82B9F25F300676E33 /* pathView.swift */,
			);
			path = Views;
			sourceTree = "<group>";
		};
		AFCD75562B8F5CBD000DE6A8 /* UserFavoriteAdvertisementPage */ = {
			isa = PBXGroup;
			children = (
				AFCD75592B8F5CEF000DE6A8 /* Views */,
				AFCD75582B8F5CE9000DE6A8 /* Model */,
				AFCD75572B8F5CE2000DE6A8 /* ViewModel */,
			);
			path = UserFavoriteAdvertisementPage;
			sourceTree = "<group>";
		};
		AFCD75572B8F5CE2000DE6A8 /* ViewModel */ = {
			isa = PBXGroup;
			children = (
				AFAA415B2BAC27A600CAF9C1 /* FavoriteViewModel.swift */,
			);
			path = ViewModel;
			sourceTree = "<group>";
		};
		AFCD75582B8F5CE9000DE6A8 /* Model */ = {
			isa = PBXGroup;
			children = (
			);
			path = Model;
			sourceTree = "<group>";
		};
		AFCD75592B8F5CEF000DE6A8 /* Views */ = {
			isa = PBXGroup;
			children = (
				AFCD755B2B8F5E2D000DE6A8 /* UserFavoriteAdView.swift */,
			);
			path = Views;
			sourceTree = "<group>";
		};
/* End PBXGroup section */

/* Begin PBXNativeTarget section */
		AFCD74C62B860BF4000DE6A8 /* Post-Pulse */ = {
			isa = PBXNativeTarget;
			buildConfigurationList = AFCD74EB2B860BF7000DE6A8 /* Build configuration list for PBXNativeTarget "Post-Pulse" */;
			buildPhases = (
				AFCD74C32B860BF4000DE6A8 /* Sources */,
				AFCD74C42B860BF4000DE6A8 /* Frameworks */,
				AFCD74C52B860BF4000DE6A8 /* Resources */,
			);
			buildRules = (
			);
			dependencies = (
			);
			name = "Post-Pulse";
			packageProductDependencies = (
				AFCD74F92B86107C000DE6A8 /* FirebaseAuth */,
				AFCD74FB2B86107C000DE6A8 /* FirebaseDatabase */,
				AFCD74FD2B86107C000DE6A8 /* FirebaseFirestore */,
				AFCD74FF2B86107C000DE6A8 /* FirebaseFirestoreSwift */,
				AFCD75012B86107C000DE6A8 /* FirebaseStorage */,
			);
			productName = "Post-Pulse";
			productReference = AFCD74C72B860BF4000DE6A8 /* Post-Pulse.app */;
			productType = "com.apple.product-type.application";
		};
		AFCD74D62B860BF7000DE6A8 /* Post-PulseTests */ = {
			isa = PBXNativeTarget;
			buildConfigurationList = AFCD74EE2B860BF7000DE6A8 /* Build configuration list for PBXNativeTarget "Post-PulseTests" */;
			buildPhases = (
				AFCD74D32B860BF7000DE6A8 /* Sources */,
				AFCD74D42B860BF7000DE6A8 /* Frameworks */,
				AFCD74D52B860BF7000DE6A8 /* Resources */,
			);
			buildRules = (
			);
			dependencies = (
				AFCD74D92B860BF7000DE6A8 /* PBXTargetDependency */,
			);
			name = "Post-PulseTests";
			productName = "Post-PulseTests";
			productReference = AFCD74D72B860BF7000DE6A8 /* Post-PulseTests.xctest */;
			productType = "com.apple.product-type.bundle.unit-test";
		};
		AFCD74E02B860BF7000DE6A8 /* Post-PulseUITests */ = {
			isa = PBXNativeTarget;
			buildConfigurationList = AFCD74F12B860BF7000DE6A8 /* Build configuration list for PBXNativeTarget "Post-PulseUITests" */;
			buildPhases = (
				AFCD74DD2B860BF7000DE6A8 /* Sources */,
				AFCD74DE2B860BF7000DE6A8 /* Frameworks */,
				AFCD74DF2B860BF7000DE6A8 /* Resources */,
			);
			buildRules = (
			);
			dependencies = (
				AFCD74E32B860BF7000DE6A8 /* PBXTargetDependency */,
			);
			name = "Post-PulseUITests";
			productName = "Post-PulseUITests";
			productReference = AFCD74E12B860BF7000DE6A8 /* Post-PulseUITests.xctest */;
			productType = "com.apple.product-type.bundle.ui-testing";
		};
/* End PBXNativeTarget section */

/* Begin PBXProject section */
		AFCD74BF2B860BF4000DE6A8 /* Project object */ = {
			isa = PBXProject;
			attributes = {
				BuildIndependentTargetsInParallel = 1;
				LastSwiftUpdateCheck = 1430;
				LastUpgradeCheck = 1430;
				TargetAttributes = {
					AFCD74C62B860BF4000DE6A8 = {
						CreatedOnToolsVersion = 14.3.1;
					};
					AFCD74D62B860BF7000DE6A8 = {
						CreatedOnToolsVersion = 14.3.1;
						TestTargetID = AFCD74C62B860BF4000DE6A8;
					};
					AFCD74E02B860BF7000DE6A8 = {
						CreatedOnToolsVersion = 14.3.1;
						TestTargetID = AFCD74C62B860BF4000DE6A8;
					};
				};
			};
			buildConfigurationList = AFCD74C22B860BF4000DE6A8 /* Build configuration list for PBXProject "Post-Pulse" */;
			compatibilityVersion = "Xcode 14.0";
			developmentRegion = en;
			hasScannedForEncodings = 0;
			knownRegions = (
				en,
				Base,
			);
			mainGroup = AFCD74BE2B860BF4000DE6A8;
			packageReferences = (
				AFCD74F82B86107C000DE6A8 /* XCRemoteSwiftPackageReference "firebase-ios-sdk" */,
			);
			productRefGroup = AFCD74C82B860BF4000DE6A8 /* Products */;
			projectDirPath = "";
			projectRoot = "";
			targets = (
				AFCD74C62B860BF4000DE6A8 /* Post-Pulse */,
				AFCD74D62B860BF7000DE6A8 /* Post-PulseTests */,
				AFCD74E02B860BF7000DE6A8 /* Post-PulseUITests */,
			);
		};
/* End PBXProject section */

/* Begin PBXResourcesBuildPhase section */
		AFCD74C52B860BF4000DE6A8 /* Resources */ = {
			isa = PBXResourcesBuildPhase;
			buildActionMask = 2147483647;
			files = (
				AFCD74D22B860BF7000DE6A8 /* Preview Assets.xcassets in Resources */,
				AFCD74F52B860F60000DE6A8 /* GoogleService-Info.plist in Resources */,
				AFCD74CF2B860BF7000DE6A8 /* Assets.xcassets in Resources */,
			);
			runOnlyForDeploymentPostprocessing = 0;
		};
		AFCD74D52B860BF7000DE6A8 /* Resources */ = {
			isa = PBXResourcesBuildPhase;
			buildActionMask = 2147483647;
			files = (
				AFCD74F62B860F60000DE6A8 /* GoogleService-Info.plist in Resources */,
			);
			runOnlyForDeploymentPostprocessing = 0;
		};
		AFCD74DF2B860BF7000DE6A8 /* Resources */ = {
			isa = PBXResourcesBuildPhase;
			buildActionMask = 2147483647;
			files = (
				AFCD74F72B860F60000DE6A8 /* GoogleService-Info.plist in Resources */,
			);
			runOnlyForDeploymentPostprocessing = 0;
		};
/* End PBXResourcesBuildPhase section */

/* Begin PBXSourcesBuildPhase section */
		AFCD74C32B860BF4000DE6A8 /* Sources */ = {
			isa = PBXSourcesBuildPhase;
			buildActionMask = 2147483647;
			files = (
				AFAA41622BAC2F8300CAF9C1 /* UserCreatedView.swift in Sources */,
				AFCD74CD2B860BF4000DE6A8 /* ContentView.swift in Sources */,
				AF0366CA2B99BE1000676E33 /* ImageView.swift in Sources */,
				AFCD754B2B8F5831000DE6A8 /* SellerAdvertisementView.swift in Sources */,
				AF0366D42B9B827500676E33 /* RegisterView.swift in Sources */,
				AFCD74CB2B860BF4000DE6A8 /* Post_PulseApp.swift in Sources */,
				AFCD75262B889723000DE6A8 /* ItemView.swift in Sources */,
				AFCD752A2B8C946E000DE6A8 /* CategoryItemView.swift in Sources */,
				AF0366C82B98874300676E33 /* SellerCardInfoView.swift in Sources */,
				AFCD751A2B8770DF000DE6A8 /* ItemViewModel.swift in Sources */,
				AF0366DF2BA09D8100676E33 /* CreateAdViewModel.swift in Sources */,
				AFCD75162B8758C0000DE6A8 /* SearchBarView.swift in Sources */,
				AF0366C42B971C5E00676E33 /* GridImageView.swift in Sources */,
				AFAA41642BAC556800CAF9C1 /* UsersOwnAdViewModel.swift in Sources */,
				AFCD751E2B87AC57000DE6A8 /* MainPageView.swift in Sources */,
				AFCD755C2B8F5E2D000DE6A8 /* UserFavoriteAdView.swift in Sources */,
				AF0366E12BA1E3E300676E33 /* CreateGridImageView.swift in Sources */,
				AFCD754F2B8F5845000DE6A8 /* CreateAdvertisementView.swift in Sources */,
				AF0366D92B9F25F300676E33 /* pathView.swift in Sources */,
				AF0366DD2B9F5AD500676E33 /* AuthViewModel.swift in Sources */,
				AF0366DB2B9F499300676E33 /* User.swift in Sources */,
				AF0366D72B9B849900676E33 /* InputView.swift in Sources */,
				AFAA415C2BAC27A600CAF9C1 /* FavoriteViewModel.swift in Sources */,
				AF0366D22B9B5E0200676E33 /* LoginView.swift in Sources */,
				AFCD75532B8F58A4000DE6A8 /* UserView.swift in Sources */,
			);
			runOnlyForDeploymentPostprocessing = 0;
		};
		AFCD74D32B860BF7000DE6A8 /* Sources */ = {
			isa = PBXSourcesBuildPhase;
			buildActionMask = 2147483647;
			files = (
				AFCD75502B8F5845000DE6A8 /* CreateAdvertisementView.swift in Sources */,
				AFCD751B2B8770DF000DE6A8 /* ItemViewModel.swift in Sources */,
				AFCD75172B8758C0000DE6A8 /* SearchBarView.swift in Sources */,
				AFCD755D2B8F5E2D000DE6A8 /* UserFavoriteAdView.swift in Sources */,
				AFCD751F2B87AC57000DE6A8 /* MainPageView.swift in Sources */,
				AFCD752B2B8C946E000DE6A8 /* CategoryItemView.swift in Sources */,
				AFCD74DC2B860BF7000DE6A8 /* Post_PulseTests.swift in Sources */,
				AFCD75542B8F58A4000DE6A8 /* UserView.swift in Sources */,
				AFCD754C2B8F5831000DE6A8 /* SellerAdvertisementView.swift in Sources */,
				AFCD75272B889723000DE6A8 /* ItemView.swift in Sources */,
			);
			runOnlyForDeploymentPostprocessing = 0;
		};
		AFCD74DD2B860BF7000DE6A8 /* Sources */ = {
			isa = PBXSourcesBuildPhase;
			buildActionMask = 2147483647;
			files = (
				AFCD74E82B860BF7000DE6A8 /* Post_PulseUITestsLaunchTests.swift in Sources */,
				AFCD754D2B8F5831000DE6A8 /* SellerAdvertisementView.swift in Sources */,
				AFCD74E62B860BF7000DE6A8 /* Post_PulseUITests.swift in Sources */,
				AFCD75282B889723000DE6A8 /* ItemView.swift in Sources */,
				AFCD752C2B8C946E000DE6A8 /* CategoryItemView.swift in Sources */,
				AFCD751C2B8770DF000DE6A8 /* ItemViewModel.swift in Sources */,
				AFCD75182B8758C0000DE6A8 /* SearchBarView.swift in Sources */,
				AFCD75202B87AC57000DE6A8 /* MainPageView.swift in Sources */,
				AFCD755E2B8F5E2D000DE6A8 /* UserFavoriteAdView.swift in Sources */,
				AFCD75512B8F5845000DE6A8 /* CreateAdvertisementView.swift in Sources */,
				AFCD75552B8F58A4000DE6A8 /* UserView.swift in Sources */,
			);
			runOnlyForDeploymentPostprocessing = 0;
		};
/* End PBXSourcesBuildPhase section */

/* Begin PBXTargetDependency section */
		AFCD74D92B860BF7000DE6A8 /* PBXTargetDependency */ = {
			isa = PBXTargetDependency;
			target = AFCD74C62B860BF4000DE6A8 /* Post-Pulse */;
			targetProxy = AFCD74D82B860BF7000DE6A8 /* PBXContainerItemProxy */;
		};
		AFCD74E32B860BF7000DE6A8 /* PBXTargetDependency */ = {
			isa = PBXTargetDependency;
			target = AFCD74C62B860BF4000DE6A8 /* Post-Pulse */;
			targetProxy = AFCD74E22B860BF7000DE6A8 /* PBXContainerItemProxy */;
		};
/* End PBXTargetDependency section */

/* Begin XCBuildConfiguration section */
		AFCD74E92B860BF7000DE6A8 /* Debug */ = {
			isa = XCBuildConfiguration;
			buildSettings = {
				ALWAYS_SEARCH_USER_PATHS = NO;
				CLANG_ANALYZER_NONNULL = YES;
				CLANG_ANALYZER_NUMBER_OBJECT_CONVERSION = YES_AGGRESSIVE;
				CLANG_CXX_LANGUAGE_STANDARD = "gnu++20";
				CLANG_ENABLE_MODULES = YES;
				CLANG_ENABLE_OBJC_ARC = YES;
				CLANG_ENABLE_OBJC_WEAK = YES;
				CLANG_WARN_BLOCK_CAPTURE_AUTORELEASING = YES;
				CLANG_WARN_BOOL_CONVERSION = YES;
				CLANG_WARN_COMMA = YES;
				CLANG_WARN_CONSTANT_CONVERSION = YES;
				CLANG_WARN_DEPRECATED_OBJC_IMPLEMENTATIONS = YES;
				CLANG_WARN_DIRECT_OBJC_ISA_USAGE = YES_ERROR;
				CLANG_WARN_DOCUMENTATION_COMMENTS = YES;
				CLANG_WARN_EMPTY_BODY = YES;
				CLANG_WARN_ENUM_CONVERSION = YES;
				CLANG_WARN_INFINITE_RECURSION = YES;
				CLANG_WARN_INT_CONVERSION = YES;
				CLANG_WARN_NON_LITERAL_NULL_CONVERSION = YES;
				CLANG_WARN_OBJC_IMPLICIT_RETAIN_SELF = YES;
				CLANG_WARN_OBJC_LITERAL_CONVERSION = YES;
				CLANG_WARN_OBJC_ROOT_CLASS = YES_ERROR;
				CLANG_WARN_QUOTED_INCLUDE_IN_FRAMEWORK_HEADER = YES;
				CLANG_WARN_RANGE_LOOP_ANALYSIS = YES;
				CLANG_WARN_STRICT_PROTOTYPES = YES;
				CLANG_WARN_SUSPICIOUS_MOVE = YES;
				CLANG_WARN_UNGUARDED_AVAILABILITY = YES_AGGRESSIVE;
				CLANG_WARN_UNREACHABLE_CODE = YES;
				CLANG_WARN__DUPLICATE_METHOD_MATCH = YES;
				COPY_PHASE_STRIP = NO;
				DEBUG_INFORMATION_FORMAT = dwarf;
				ENABLE_STRICT_OBJC_MSGSEND = YES;
				ENABLE_TESTABILITY = YES;
				GCC_C_LANGUAGE_STANDARD = gnu11;
				GCC_DYNAMIC_NO_PIC = NO;
				GCC_NO_COMMON_BLOCKS = YES;
				GCC_OPTIMIZATION_LEVEL = 0;
				GCC_PREPROCESSOR_DEFINITIONS = (
					"DEBUG=1",
					"$(inherited)",
				);
				GCC_WARN_64_TO_32_BIT_CONVERSION = YES;
				GCC_WARN_ABOUT_RETURN_TYPE = YES_ERROR;
				GCC_WARN_UNDECLARED_SELECTOR = YES;
				GCC_WARN_UNINITIALIZED_AUTOS = YES_AGGRESSIVE;
				GCC_WARN_UNUSED_FUNCTION = YES;
				GCC_WARN_UNUSED_VARIABLE = YES;
				IPHONEOS_DEPLOYMENT_TARGET = 16.4;
				MTL_ENABLE_DEBUG_INFO = INCLUDE_SOURCE;
				MTL_FAST_MATH = YES;
				ONLY_ACTIVE_ARCH = YES;
				SDKROOT = iphoneos;
				SWIFT_ACTIVE_COMPILATION_CONDITIONS = DEBUG;
				SWIFT_OPTIMIZATION_LEVEL = "-Onone";
			};
			name = Debug;
		};
		AFCD74EA2B860BF7000DE6A8 /* Release */ = {
			isa = XCBuildConfiguration;
			buildSettings = {
				ALWAYS_SEARCH_USER_PATHS = NO;
				CLANG_ANALYZER_NONNULL = YES;
				CLANG_ANALYZER_NUMBER_OBJECT_CONVERSION = YES_AGGRESSIVE;
				CLANG_CXX_LANGUAGE_STANDARD = "gnu++20";
				CLANG_ENABLE_MODULES = YES;
				CLANG_ENABLE_OBJC_ARC = YES;
				CLANG_ENABLE_OBJC_WEAK = YES;
				CLANG_WARN_BLOCK_CAPTURE_AUTORELEASING = YES;
				CLANG_WARN_BOOL_CONVERSION = YES;
				CLANG_WARN_COMMA = YES;
				CLANG_WARN_CONSTANT_CONVERSION = YES;
				CLANG_WARN_DEPRECATED_OBJC_IMPLEMENTATIONS = YES;
				CLANG_WARN_DIRECT_OBJC_ISA_USAGE = YES_ERROR;
				CLANG_WARN_DOCUMENTATION_COMMENTS = YES;
				CLANG_WARN_EMPTY_BODY = YES;
				CLANG_WARN_ENUM_CONVERSION = YES;
				CLANG_WARN_INFINITE_RECURSION = YES;
				CLANG_WARN_INT_CONVERSION = YES;
				CLANG_WARN_NON_LITERAL_NULL_CONVERSION = YES;
				CLANG_WARN_OBJC_IMPLICIT_RETAIN_SELF = YES;
				CLANG_WARN_OBJC_LITERAL_CONVERSION = YES;
				CLANG_WARN_OBJC_ROOT_CLASS = YES_ERROR;
				CLANG_WARN_QUOTED_INCLUDE_IN_FRAMEWORK_HEADER = YES;
				CLANG_WARN_RANGE_LOOP_ANALYSIS = YES;
				CLANG_WARN_STRICT_PROTOTYPES = YES;
				CLANG_WARN_SUSPICIOUS_MOVE = YES;
				CLANG_WARN_UNGUARDED_AVAILABILITY = YES_AGGRESSIVE;
				CLANG_WARN_UNREACHABLE_CODE = YES;
				CLANG_WARN__DUPLICATE_METHOD_MATCH = YES;
				COPY_PHASE_STRIP = NO;
				DEBUG_INFORMATION_FORMAT = "dwarf-with-dsym";
				ENABLE_NS_ASSERTIONS = NO;
				ENABLE_STRICT_OBJC_MSGSEND = YES;
				GCC_C_LANGUAGE_STANDARD = gnu11;
				GCC_NO_COMMON_BLOCKS = YES;
				GCC_WARN_64_TO_32_BIT_CONVERSION = YES;
				GCC_WARN_ABOUT_RETURN_TYPE = YES_ERROR;
				GCC_WARN_UNDECLARED_SELECTOR = YES;
				GCC_WARN_UNINITIALIZED_AUTOS = YES_AGGRESSIVE;
				GCC_WARN_UNUSED_FUNCTION = YES;
				GCC_WARN_UNUSED_VARIABLE = YES;
				IPHONEOS_DEPLOYMENT_TARGET = 16.4;
				MTL_ENABLE_DEBUG_INFO = NO;
				MTL_FAST_MATH = YES;
				SDKROOT = iphoneos;
				SWIFT_COMPILATION_MODE = wholemodule;
				SWIFT_OPTIMIZATION_LEVEL = "-O";
				VALIDATE_PRODUCT = YES;
			};
			name = Release;
		};
		AFCD74EC2B860BF7000DE6A8 /* Debug */ = {
			isa = XCBuildConfiguration;
			buildSettings = {
				ASSETCATALOG_COMPILER_APPICON_NAME = AppIcon;
				ASSETCATALOG_COMPILER_GLOBAL_ACCENT_COLOR_NAME = AccentColor;
				CODE_SIGN_STYLE = Automatic;
				CURRENT_PROJECT_VERSION = 1;
				DEVELOPMENT_ASSET_PATHS = "\"Post-Pulse/Preview Content\"";
				ENABLE_PREVIEWS = YES;
				GENERATE_INFOPLIST_FILE = YES;
				INFOPLIST_KEY_UIApplicationSceneManifest_Generation = YES;
				INFOPLIST_KEY_UIApplicationSupportsIndirectInputEvents = YES;
				INFOPLIST_KEY_UILaunchScreen_Generation = YES;
				INFOPLIST_KEY_UISupportedInterfaceOrientations_iPad = "UIInterfaceOrientationPortrait UIInterfaceOrientationPortraitUpsideDown UIInterfaceOrientationLandscapeLeft UIInterfaceOrientationLandscapeRight";
				INFOPLIST_KEY_UISupportedInterfaceOrientations_iPhone = "UIInterfaceOrientationPortrait UIInterfaceOrientationLandscapeLeft UIInterfaceOrientationLandscapeRight";
				LD_RUNPATH_SEARCH_PATHS = (
					"$(inherited)",
					"@executable_path/Frameworks",
				);
				MARKETING_VERSION = 1.0;
				PRODUCT_BUNDLE_IDENTIFIER = "com.example.Post-Pulse";
				PRODUCT_NAME = "$(TARGET_NAME)";
				SWIFT_EMIT_LOC_STRINGS = YES;
				SWIFT_VERSION = 5.0;
				TARGETED_DEVICE_FAMILY = "1,2";
			};
			name = Debug;
		};
		AFCD74ED2B860BF7000DE6A8 /* Release */ = {
			isa = XCBuildConfiguration;
			buildSettings = {
				ASSETCATALOG_COMPILER_APPICON_NAME = AppIcon;
				ASSETCATALOG_COMPILER_GLOBAL_ACCENT_COLOR_NAME = AccentColor;
				CODE_SIGN_STYLE = Automatic;
				CURRENT_PROJECT_VERSION = 1;
				DEVELOPMENT_ASSET_PATHS = "\"Post-Pulse/Preview Content\"";
				ENABLE_PREVIEWS = YES;
				GENERATE_INFOPLIST_FILE = YES;
				INFOPLIST_KEY_UIApplicationSceneManifest_Generation = YES;
				INFOPLIST_KEY_UIApplicationSupportsIndirectInputEvents = YES;
				INFOPLIST_KEY_UILaunchScreen_Generation = YES;
				INFOPLIST_KEY_UISupportedInterfaceOrientations_iPad = "UIInterfaceOrientationPortrait UIInterfaceOrientationPortraitUpsideDown UIInterfaceOrientationLandscapeLeft UIInterfaceOrientationLandscapeRight";
				INFOPLIST_KEY_UISupportedInterfaceOrientations_iPhone = "UIInterfaceOrientationPortrait UIInterfaceOrientationLandscapeLeft UIInterfaceOrientationLandscapeRight";
				LD_RUNPATH_SEARCH_PATHS = (
					"$(inherited)",
					"@executable_path/Frameworks",
				);
				MARKETING_VERSION = 1.0;
				PRODUCT_BUNDLE_IDENTIFIER = "com.example.Post-Pulse";
				PRODUCT_NAME = "$(TARGET_NAME)";
				SWIFT_EMIT_LOC_STRINGS = YES;
				SWIFT_VERSION = 5.0;
				TARGETED_DEVICE_FAMILY = "1,2";
			};
			name = Release;
		};
		AFCD74EF2B860BF7000DE6A8 /* Debug */ = {
			isa = XCBuildConfiguration;
			buildSettings = {
				ALWAYS_EMBED_SWIFT_STANDARD_LIBRARIES = YES;
				BUNDLE_LOADER = "$(TEST_HOST)";
				CODE_SIGN_STYLE = Automatic;
				CURRENT_PROJECT_VERSION = 1;
				GENERATE_INFOPLIST_FILE = YES;
				IPHONEOS_DEPLOYMENT_TARGET = 16.4;
				MARKETING_VERSION = 1.0;
				PRODUCT_BUNDLE_IDENTIFIER = "com.example.Post-PulseTests";
				PRODUCT_NAME = "$(TARGET_NAME)";
				SWIFT_EMIT_LOC_STRINGS = NO;
				SWIFT_VERSION = 5.0;
				TARGETED_DEVICE_FAMILY = "1,2";
				TEST_HOST = "$(BUILT_PRODUCTS_DIR)/Post-Pulse.app/$(BUNDLE_EXECUTABLE_FOLDER_PATH)/Post-Pulse";
			};
			name = Debug;
		};
		AFCD74F02B860BF7000DE6A8 /* Release */ = {
			isa = XCBuildConfiguration;
			buildSettings = {
				ALWAYS_EMBED_SWIFT_STANDARD_LIBRARIES = YES;
				BUNDLE_LOADER = "$(TEST_HOST)";
				CODE_SIGN_STYLE = Automatic;
				CURRENT_PROJECT_VERSION = 1;
				GENERATE_INFOPLIST_FILE = YES;
				IPHONEOS_DEPLOYMENT_TARGET = 16.4;
				MARKETING_VERSION = 1.0;
				PRODUCT_BUNDLE_IDENTIFIER = "com.example.Post-PulseTests";
				PRODUCT_NAME = "$(TARGET_NAME)";
				SWIFT_EMIT_LOC_STRINGS = NO;
				SWIFT_VERSION = 5.0;
				TARGETED_DEVICE_FAMILY = "1,2";
				TEST_HOST = "$(BUILT_PRODUCTS_DIR)/Post-Pulse.app/$(BUNDLE_EXECUTABLE_FOLDER_PATH)/Post-Pulse";
			};
			name = Release;
		};
		AFCD74F22B860BF7000DE6A8 /* Debug */ = {
			isa = XCBuildConfiguration;
			buildSettings = {
				ALWAYS_EMBED_SWIFT_STANDARD_LIBRARIES = YES;
				CODE_SIGN_STYLE = Automatic;
				CURRENT_PROJECT_VERSION = 1;
				GENERATE_INFOPLIST_FILE = YES;
				MARKETING_VERSION = 1.0;
				PRODUCT_BUNDLE_IDENTIFIER = "com.example.Post-PulseUITests";
				PRODUCT_NAME = "$(TARGET_NAME)";
				SWIFT_EMIT_LOC_STRINGS = NO;
				SWIFT_VERSION = 5.0;
				TARGETED_DEVICE_FAMILY = "1,2";
				TEST_TARGET_NAME = "Post-Pulse";
			};
			name = Debug;
		};
		AFCD74F32B860BF7000DE6A8 /* Release */ = {
			isa = XCBuildConfiguration;
			buildSettings = {
				ALWAYS_EMBED_SWIFT_STANDARD_LIBRARIES = YES;
				CODE_SIGN_STYLE = Automatic;
				CURRENT_PROJECT_VERSION = 1;
				GENERATE_INFOPLIST_FILE = YES;
				MARKETING_VERSION = 1.0;
				PRODUCT_BUNDLE_IDENTIFIER = "com.example.Post-PulseUITests";
				PRODUCT_NAME = "$(TARGET_NAME)";
				SWIFT_EMIT_LOC_STRINGS = NO;
				SWIFT_VERSION = 5.0;
				TARGETED_DEVICE_FAMILY = "1,2";
				TEST_TARGET_NAME = "Post-Pulse";
			};
			name = Release;
		};
/* End XCBuildConfiguration section */

/* Begin XCConfigurationList section */
		AFCD74C22B860BF4000DE6A8 /* Build configuration list for PBXProject "Post-Pulse" */ = {
			isa = XCConfigurationList;
			buildConfigurations = (
				AFCD74E92B860BF7000DE6A8 /* Debug */,
				AFCD74EA2B860BF7000DE6A8 /* Release */,
			);
			defaultConfigurationIsVisible = 0;
			defaultConfigurationName = Release;
		};
		AFCD74EB2B860BF7000DE6A8 /* Build configuration list for PBXNativeTarget "Post-Pulse" */ = {
			isa = XCConfigurationList;
			buildConfigurations = (
				AFCD74EC2B860BF7000DE6A8 /* Debug */,
				AFCD74ED2B860BF7000DE6A8 /* Release */,
			);
			defaultConfigurationIsVisible = 0;
			defaultConfigurationName = Release;
		};
		AFCD74EE2B860BF7000DE6A8 /* Build configuration list for PBXNativeTarget "Post-PulseTests" */ = {
			isa = XCConfigurationList;
			buildConfigurations = (
				AFCD74EF2B860BF7000DE6A8 /* Debug */,
				AFCD74F02B860BF7000DE6A8 /* Release */,
			);
			defaultConfigurationIsVisible = 0;
			defaultConfigurationName = Release;
		};
		AFCD74F12B860BF7000DE6A8 /* Build configuration list for PBXNativeTarget "Post-PulseUITests" */ = {
			isa = XCConfigurationList;
			buildConfigurations = (
				AFCD74F22B860BF7000DE6A8 /* Debug */,
				AFCD74F32B860BF7000DE6A8 /* Release */,
			);
			defaultConfigurationIsVisible = 0;
			defaultConfigurationName = Release;
		};
/* End XCConfigurationList section */

/* Begin XCRemoteSwiftPackageReference section */
		AFCD74F82B86107C000DE6A8 /* XCRemoteSwiftPackageReference "firebase-ios-sdk" */ = {
			isa = XCRemoteSwiftPackageReference;
			repositoryURL = "https://github.com/firebase/firebase-ios-sdk";
			requirement = {
				kind = upToNextMajorVersion;
				minimumVersion = 10.0.0;
			};
		};
/* End XCRemoteSwiftPackageReference section */

/* Begin XCSwiftPackageProductDependency section */
		AFCD74F92B86107C000DE6A8 /* FirebaseAuth */ = {
			isa = XCSwiftPackageProductDependency;
			package = AFCD74F82B86107C000DE6A8 /* XCRemoteSwiftPackageReference "firebase-ios-sdk" */;
			productName = FirebaseAuth;
		};
		AFCD74FB2B86107C000DE6A8 /* FirebaseDatabase */ = {
			isa = XCSwiftPackageProductDependency;
			package = AFCD74F82B86107C000DE6A8 /* XCRemoteSwiftPackageReference "firebase-ios-sdk" */;
			productName = FirebaseDatabase;
		};
		AFCD74FD2B86107C000DE6A8 /* FirebaseFirestore */ = {
			isa = XCSwiftPackageProductDependency;
			package = AFCD74F82B86107C000DE6A8 /* XCRemoteSwiftPackageReference "firebase-ios-sdk" */;
			productName = FirebaseFirestore;
		};
		AFCD74FF2B86107C000DE6A8 /* FirebaseFirestoreSwift */ = {
			isa = XCSwiftPackageProductDependency;
			package = AFCD74F82B86107C000DE6A8 /* XCRemoteSwiftPackageReference "firebase-ios-sdk" */;
			productName = FirebaseFirestoreSwift;
		};
		AFCD75012B86107C000DE6A8 /* FirebaseStorage */ = {
			isa = XCSwiftPackageProductDependency;
			package = AFCD74F82B86107C000DE6A8 /* XCRemoteSwiftPackageReference "firebase-ios-sdk" */;
			productName = FirebaseStorage;
		};
/* End XCSwiftPackageProductDependency section */
	};
	rootObject = AFCD74BF2B860BF4000DE6A8 /* Project object */;
}
